{
    "name": "dynamic-module-loader",
    "version": "1.4.0",
    "lockfileVersion": 1,
    "requires": true,
    "dependencies": {
        "assertion-error": {
            "version": "1.0.2",
            "resolved": "https://registry.npmjs.org/assertion-error/-/assertion-error-1.0.2.tgz",
            "integrity": "sha1-E8pRXYYgbaC6xm6DTdOX2HWBCUw=",
            "dev": true
        },
        "asyncify": {
            "version": "2.1.2",
            "resolved": "https://registry.npmjs.org/asyncify/-/asyncify-2.1.2.tgz",
            "integrity": "sha1-NAVlKnAmrO8oqJ5hj+bvCmzlje8=",
            "requires": {
                "future": "2.3.1"
            }
        },
        "balanced-match": {
            "version": "1.0.0",
            "resolved": "https://registry.npmjs.org/balanced-match/-/balanced-match-1.0.0.tgz",
            "integrity": "sha1-ibTRmasr7kneFk6gK4nORi1xt2c="
        },
        "brace-expansion": {
            "version": "1.1.8",
            "resolved": "https://registry.npmjs.org/brace-expansion/-/brace-expansion-1.1.8.tgz",
            "integrity": "sha1-wHshHHyVLsH479Uad+8NHTmQopI=",
            "requires": {
                "balanced-match": "1.0.0",
                "concat-map": "0.0.1"
            }
        },
        "browser-stdout": {
            "version": "1.3.0",
            "resolved": "https://registry.npmjs.org/browser-stdout/-/browser-stdout-1.3.0.tgz",
            "integrity": "sha1-81HTKWnTL6XXpVZxVCY9korjvR8=",
            "dev": true
        },
        "callback-utils": {
            "version": "1.0.0",
            "resolved": "https://registry.npmjs.org/callback-utils/-/callback-utils-1.0.0.tgz",
            "integrity": "sha1-LLP5ce8aq2m+OIPouLIGsODVpnE="
        },
        "chai": {
            "version": "4.1.2",
            "resolved": "https://registry.npmjs.org/chai/-/chai-4.1.2.tgz",
            "integrity": "sha1-D2RYS6ZC8PKs4oBiefTwbKI61zw=",
            "dev": true,
            "requires": {
                "assertion-error": "1.0.2",
                "check-error": "1.0.2",
                "deep-eql": "3.0.1",
                "get-func-name": "2.0.0",
                "pathval": "1.1.0",
                "type-detect": "4.0.5"
            }
        },
        "chainify": {
            "version": "2.1.2",
            "resolved": "https://registry.npmjs.org/chainify/-/chainify-2.1.2.tgz",
            "integrity": "sha1-TQ/mIcEiyD/uy6bI99mdEeh7yYE=",
            "requires": {
                "future": "2.3.1",
                "sequence": "2.2.1"
            }
        },
        "check-error": {
            "version": "1.0.2",
            "resolved": "https://registry.npmjs.org/check-error/-/check-error-1.0.2.tgz",
            "integrity": "sha1-V00xLt2Iu13YkS6Sht1sCu1KrII=",
            "dev": true
        },
        "chownr": {
            "version": "1.0.1",
            "resolved": "https://registry.npmjs.org/chownr/-/chownr-1.0.1.tgz",
            "integrity": "sha1-4qdQQqlVGQi+vSW4Uj1fl2nXkYE="
        },
        "coffee-script": {
            "version": "1.4.0",
            "resolved": "https://registry.npmjs.org/coffee-script/-/coffee-script-1.4.0.tgz",
            "integrity": "sha1-XjvIqsJsAajie/EHcixWVfWtfTY=",
            "dev": true
        },
        "commander": {
            "version": "2.11.0",
            "resolved": "https://registry.npmjs.org/commander/-/commander-2.11.0.tgz",
            "integrity": "sha512-b0553uYA5YAEGgyYIGYROzKQ7X5RAqedkfjiZxwi0kL1g3bOaBNNZfYkzt/CL0umgD5wc9Jec2FbB98CjkMRvQ==",
            "dev": true
        },
        "concat-map": {
            "version": "0.0.1",
            "resolved": "https://registry.npmjs.org/concat-map/-/concat-map-0.0.1.tgz",
            "integrity": "sha1-2Klr13/Wjfd5OnMDajug1UBdR3s="
        },
        "cycle": {
            "version": "1.0.3",
            "resolved": "https://registry.npmjs.org/cycle/-/cycle-1.0.3.tgz",
            "integrity": "sha1-IegLK+hYD5i0aPN5QwZisEbDStI="
        },
        "debug": {
            "version": "3.1.0",
            "resolved": "https://registry.npmjs.org/debug/-/debug-3.1.0.tgz",
            "integrity": "sha512-OX8XqP7/1a9cqkxYw2yXss15f26NKWBpDXQd0/uK/KPqdQhxbPa994hnzjcE2VqQpDslf55723cKPUOGSmMY3g==",
            "dev": true,
            "requires": {
                "ms": "2.0.0"
            }
        },
        "deep-eql": {
            "version": "3.0.1",
            "resolved": "https://registry.npmjs.org/deep-eql/-/deep-eql-3.0.1.tgz",
            "integrity": "sha512-+QeIQyN5ZuO+3Uk5DYh6/1eKO0m0YmJFGNmFHGACpf1ClL1nmlV/p4gNgbl2pJGxgXb4faqo6UE+M5ACEMyVcw==",
            "dev": true,
            "requires": {
                "type-detect": "4.0.5"
            }
        },
        "deep-equal": {
            "version": "1.0.1",
            "resolved": "https://registry.npmjs.org/deep-equal/-/deep-equal-1.0.1.tgz",
            "integrity": "sha1-9dJgKStmDghO/0zbyfCK0yR0SLU=",
            "dev": true
        },
        "diff": {
            "version": "3.3.1",
            "resolved": "https://registry.npmjs.org/diff/-/diff-3.3.1.tgz",
            "integrity": "sha512-MKPHZDMB0o6yHyDryUOScqZibp914ksXwAMYMTHj6KO8UeKsRYNJD3oNCKjTqZon+V488P7N/HzXF8t7ZR95ww==",
            "dev": true
        },
        "error-handling": {
            "version": "1.0.0",
            "resolved": "https://registry.npmjs.org/error-handling/-/error-handling-1.0.0.tgz",
            "integrity": "sha1-lvlkB9x51zPReXO1oH2XMfPf/XE=",
            "requires": {
                "futures": "2.1.0"
            },
            "dependencies": {
                "futures": {
                    "version": "2.1.0",
                    "resolved": "https://registry.npmjs.org/futures/-/futures-2.1.0.tgz",
                    "integrity": "sha1-ZVMPntSO1qenbW1SYRv59rBGWxQ=",
                    "requires": {
                        "require-kiss": "1.0.5"
                    }
                }
            }
        },
        "escape-string-regexp": {
            "version": "1.0.5",
            "resolved": "https://registry.npmjs.org/escape-string-regexp/-/escape-string-regexp-1.0.5.tgz",
            "integrity": "sha1-G2HAViGQqN/2rjuyzwIAyhMLhtQ=",
            "dev": true
        },
        "events.node": {
            "version": "0.4.9",
            "resolved": "https://registry.npmjs.org/events.node/-/events.node-0.4.9.tgz",
            "integrity": "sha1-gpmOp0lQEUX9LafPjsvmQg+sAqQ="
        },
        "eyes": {
            "version": "0.1.8",
            "resolved": "https://registry.npmjs.org/eyes/-/eyes-0.1.8.tgz",
            "integrity": "sha1-Ys8SAjTGg3hdkCNIqADvPgzCC8A="
        },
        "forEachAsync": {
            "version": "2.2.1",
            "resolved": "https://registry.npmjs.org/forEachAsync/-/forEachAsync-2.2.1.tgz",
            "integrity": "sha1-43I/AJA5EOHrSx2zrVG1xkoxn+w=",
            "requires": {
                "sequence": "2.2.1"
            }
        },
        "fs-extra": {
            "version": "5.0.0",
            "resolved": "https://registry.npmjs.org/fs-extra/-/fs-extra-5.0.0.tgz",
            "integrity": "sha512-66Pm4RYbjzdyeuqudYqhFiNBbCIuI9kgRqLPSHIlXHidW8NIQtVdkM1yeZ4lXwuhbTETv3EUGMNHAAw6hiundQ==",
            "requires": {
                "graceful-fs": "4.1.11",
                "jsonfile": "4.0.0",
                "universalify": "0.1.1"
            }
        },
        "fs-minipass": {
            "version": "1.2.3",
            "resolved": "https://registry.npmjs.org/fs-minipass/-/fs-minipass-1.2.3.tgz",
            "integrity": "sha512-u1pHCXDx+CElfM6CuIeHDTKvb1Ya9ZhsMk7xTHTh6zHSRLK6O0DTVBN+E3wg8fruxAFp4oE07owrrzQfDA0b5Q==",
            "requires": {
                "minipass": "2.2.1"
            }
        },
        "fs.realpath": {
            "version": "1.0.0",
            "resolved": "https://registry.npmjs.org/fs.realpath/-/fs.realpath-1.0.0.tgz",
            "integrity": "sha1-FQStJSMVjKpA20onh8sBQRmU6k8="
        },
        "future": {
            "version": "2.3.1",
            "resolved": "https://registry.npmjs.org/future/-/future-2.3.1.tgz",
            "integrity": "sha1-LTJ+BhHdVvrHES0FfHmcSF7CO+k="
        },
        "futures": {
            "version": "2.3.3",
            "resolved": "https://registry.npmjs.org/futures/-/futures-2.3.3.tgz",
            "integrity": "sha1-mf3hD+udvgA+9RB6n9qiISf61Is=",
            "requires": {
                "asyncify": "2.1.2",
                "chainify": "2.1.2",
                "events.node": "0.4.9",
                "forEachAsync": "2.2.1",
                "future": "2.3.1",
                "join": "2.3.2",
                "loop": "2.1.2",
                "sequence": "2.2.1"
            }
        },
        "get-func-name": {
            "version": "2.0.0",
            "resolved": "https://registry.npmjs.org/get-func-name/-/get-func-name-2.0.0.tgz",
            "integrity": "sha1-6td0q+5y4gQJQzoGY2YCPdaIekE=",
            "dev": true
        },
        "glob": {
            "version": "7.1.2",
            "resolved": "https://registry.npmjs.org/glob/-/glob-7.1.2.tgz",
            "integrity": "sha512-MJTUg1kjuLeQCJ+ccE4Vpa6kKVXkPYJ2mOCQyUuKLcLQsdrMCpBPUi8qVE6+YuaJkozeA9NusTAw3hLr8Xe5EQ==",
            "requires": {
                "fs.realpath": "1.0.0",
                "inflight": "1.0.6",
                "inherits": "2.0.3",
                "minimatch": "3.0.4",
                "once": "1.4.0",
                "path-is-absolute": "1.0.1"
            }
        },
        "graceful-fs": {
            "version": "4.1.11",
            "resolved": "https://registry.npmjs.org/graceful-fs/-/graceful-fs-4.1.11.tgz",
            "integrity": "sha1-Dovf5NHduIVNZOBOp8AOKgJuVlg="
        },
        "growl": {
            "version": "1.10.3",
            "resolved": "https://registry.npmjs.org/growl/-/growl-1.10.3.tgz",
            "integrity": "sha512-hKlsbA5Vu3xsh1Cg3J7jSmX/WaW6A5oBeqzM88oNbCRQFz+zUaXm6yxS4RVytp1scBoJzSYl4YAEOQIt6O8V1Q==",
            "dev": true
        },
        "has-flag": {
            "version": "2.0.0",
            "resolved": "https://registry.npmjs.org/has-flag/-/has-flag-2.0.0.tgz",
            "integrity": "sha1-6CB68cx7MNRGzHC3NLXovhj4jVE=",
            "dev": true
        },
        "he": {
            "version": "1.1.1",
            "resolved": "https://registry.npmjs.org/he/-/he-1.1.1.tgz",
            "integrity": "sha1-k0EP0hsAlzUVH4howvJx80J+I/0=",
            "dev": true
        },
        "hurt-locker": {
            "version": "git+ssh://git@github.com/VirtuOz/node-hurt-locker.git#271cb7041d83fa6fbdb6ec6ef8d1943f4587aa0f",
            "requires": {
                "error-handling": "1.0.0",
                "fs-extra": "5.0.0",
                "futures": "2.3.3",
                "jsclass": "4.0.5",
                "winston": "2.4.0"
            }
        },
        "inflight": {
            "version": "1.0.6",
            "resolved": "https://registry.npmjs.org/inflight/-/inflight-1.0.6.tgz",
            "integrity": "sha1-Sb1jMdfQLQwJvJEKEHW6gWW1bfk=",
            "requires": {
                "once": "1.4.0",
                "wrappy": "1.0.2"
            }
        },
        "inherits": {
            "version": "2.0.3",
            "resolved": "https://registry.npmjs.org/inherits/-/inherits-2.0.3.tgz",
            "integrity": "sha1-Yzwsg+PaQqUC9SRmAiSA9CCCYd4="
        },
        "isstream": {
            "version": "0.1.2",
            "resolved": "https://registry.npmjs.org/isstream/-/isstream-0.1.2.tgz",
            "integrity": "sha1-R+Y/evVa+m+S4VAOaQ64uFKcCZo="
        },
        "jade": {
            "version": "0.27.7",
            "resolved": "https://registry.npmjs.org/jade/-/jade-0.27.7.tgz",
            "integrity": "sha1-sVfjEzeJpXJMvd3UU0HHWQ2pJ6o=",
            "dev": true,
            "requires": {
                "coffee-script": "1.4.0",
                "commander": "0.6.1",
                "mkdirp": "0.3.5"
            },
            "dependencies": {
                "commander": {
                    "version": "0.6.1",
                    "resolved": "https://registry.npmjs.org/commander/-/commander-0.6.1.tgz",
                    "integrity": "sha1-+mihT2qUXVTbvlDYzbMyDp47GgY=",
                    "dev": true
                },
                "mkdirp": {
                    "version": "0.3.5",
                    "resolved": "https://registry.npmjs.org/mkdirp/-/mkdirp-0.3.5.tgz",
                    "integrity": "sha1-3j5fiWHIjHh+4TaN+EmsRBPsqNc=",
                    "dev": true
                }
            }
        },
        "join": {
            "version": "2.3.2",
            "resolved": "https://registry.npmjs.org/join/-/join-2.3.2.tgz",
            "integrity": "sha1-U6Umjoa+iRkEyiuuWs8LVEtHFKk=",
            "requires": {
                "future": "2.3.1"
            }
        },
        "jsclass": {
            "version": "4.0.5",
            "resolved": "https://registry.npmjs.org/jsclass/-/jsclass-4.0.5.tgz",
            "integrity": "sha1-ciV7Mk6kd0x4Hw1n0+JDWZ3aHQw="
        },
        "json-stringify-safe": {
            "version": "5.0.1",
            "resolved": "https://registry.npmjs.org/json-stringify-safe/-/json-stringify-safe-5.0.1.tgz",
            "integrity": "sha1-Epai1Y/UXxmg9s4B1lcB4sc1tus=",
            "dev": true
        },
        "jsonfile": {
            "version": "4.0.0",
            "resolved": "https://registry.npmjs.org/jsonfile/-/jsonfile-4.0.0.tgz",
            "integrity": "sha1-h3Gq4HmbZAdrdmQPygWPnBDjPss=",
            "requires": {
                "graceful-fs": "4.1.11"
            }
        },
        "lodash": {
            "version": "4.17.4",
            "resolved": "https://registry.npmjs.org/lodash/-/lodash-4.17.4.tgz",
            "integrity": "sha1-eCA6TRwyiuHYbcpkYONptX9AVa4=",
            "dev": true
        },
        "longjohn": {
            "version": "0.2.12",
            "resolved": "https://registry.npmjs.org/longjohn/-/longjohn-0.2.12.tgz",
            "integrity": "sha1-fKdEawg2VcN351EiE9x1TVKmSn4=",
            "dev": true,
            "requires": {
                "source-map-support": "0.5.0"
            }
        },
        "loop": {
            "version": "2.1.2",
            "resolved": "https://registry.npmjs.org/loop/-/loop-2.1.2.tgz",
            "integrity": "sha1-hatG5jmSGrJkv+QShupc5RqHPdM=",
            "requires": {
                "future": "2.3.1"
            }
        },
        "minimatch": {
            "version": "3.0.4",
            "resolved": "https://registry.npmjs.org/minimatch/-/minimatch-3.0.4.tgz",
            "integrity": "sha512-yJHVQEhyqPLUTgt9B83PXu6W3rx4MvvHvSUvToogpwoGDOUQ+yDrR0HRot+yOCdCO7u4hX3pWft6kWBBcqh0UA==",
            "requires": {
                "brace-expansion": "1.1.8"
            }
        },
        "minimist": {
            "version": "0.0.8",
            "resolved": "https://registry.npmjs.org/minimist/-/minimist-0.0.8.tgz",
            "integrity": "sha1-hX/Kv8M5fSYluCKCYuhqp6ARsF0="
        },
        "minipass": {
            "version": "2.2.1",
            "resolved": "https://registry.npmjs.org/minipass/-/minipass-2.2.1.tgz",
            "integrity": "sha512-u1aUllxPJUI07cOqzR7reGmQxmCqlH88uIIsf6XZFEWgw7gXKpJdR+5R9Y3KEDmWYkdIz9wXZs3C0jOPxejk/Q==",
            "requires": {
                "yallist": "3.0.2"
            }
        },
        "minizlib": {
            "version": "1.0.4",
            "resolved": "https://registry.npmjs.org/minizlib/-/minizlib-1.0.4.tgz",
            "integrity": "sha512-sN4U9tIJtBRwKbwgFh9qJfrPIQ/GGTRr1MGqkgOeMTLy8/lM0FcWU//FqlnZ3Vb7gJ+Mxh3FOg1EklibdajbaQ==",
            "requires": {
                "minipass": "2.2.1"
            }
        },
        "mkdirp": {
            "version": "0.5.1",
            "resolved": "https://registry.npmjs.org/mkdirp/-/mkdirp-0.5.1.tgz",
            "integrity": "sha1-MAV0OOrGz3+MR2fzhkjWaX11yQM=",
            "requires": {
                "minimist": "0.0.8"
            }
        },
        "mocha": {
            "version": "4.0.1",
            "resolved": "https://registry.npmjs.org/mocha/-/mocha-4.0.1.tgz",
            "integrity": "sha512-evDmhkoA+cBNiQQQdSKZa2b9+W2mpLoj50367lhy+Klnx9OV8XlCIhigUnn1gaTFLQCa0kdNhEGDr0hCXOQFDw==",
            "dev": true,
            "requires": {
                "browser-stdout": "1.3.0",
                "commander": "2.11.0",
                "debug": "3.1.0",
                "diff": "3.3.1",
                "escape-string-regexp": "1.0.5",
                "glob": "7.1.2",
                "growl": "1.10.3",
                "he": "1.1.1",
                "mkdirp": "0.5.1",
                "supports-color": "4.4.0"
            }
        },
        "ms": {
            "version": "2.0.0",
            "resolved": "https://registry.npmjs.org/ms/-/ms-2.0.0.tgz",
            "integrity": "sha1-VgiurfwAvmwpAd9fmGF4jeDVl8g=",
            "dev": true
        },
        "nock": {
            "version": "9.1.4",
            "resolved": "https://registry.npmjs.org/nock/-/nock-9.1.4.tgz",
            "integrity": "sha512-O0tkPO0VkiQ7mfCAg3QyL+6tt7srXHq0+m6BMy+SyzuKX+2Oz10ERXnqDL0nJxpVhKFx/E/K/6nT75U6RpvugQ==",
            "dev": true,
            "requires": {
                "chai": "3.5.0",
                "debug": "2.6.9",
                "deep-equal": "1.0.1",
                "json-stringify-safe": "5.0.1",
                "lodash": "4.17.4",
                "mkdirp": "0.5.1",
                "propagate": "0.4.0",
                "qs": "6.5.1",
                "semver": "5.4.1"
            },
            "dependencies": {
                "chai": {
                    "version": "3.5.0",
                    "resolved": "https://registry.npmjs.org/chai/-/chai-3.5.0.tgz",
                    "integrity": "sha1-TQJjewZ/6Vi9v906QOxW/vc3Mkc=",
                    "dev": true,
                    "requires": {
                        "assertion-error": "1.0.2",
                        "deep-eql": "0.1.3",
                        "type-detect": "1.0.0"
                    }
                },
                "debug": {
                    "version": "2.6.9",
                    "resolved": "https://registry.npmjs.org/debug/-/debug-2.6.9.tgz",
                    "integrity": "sha512-bC7ElrdJaJnPbAP+1EotYvqZsb3ecl5wi6Bfi6BJTUcNowp6cvspg0jXznRTKDjm/E7AdgFBVeAPVMNcKGsHMA==",
                    "dev": true,
                    "requires": {
                        "ms": "2.0.0"
                    }
                },
                "deep-eql": {
                    "version": "0.1.3",
                    "resolved": "https://registry.npmjs.org/deep-eql/-/deep-eql-0.1.3.tgz",
                    "integrity": "sha1-71WKyrjeJSBs1xOQbXTlaTDrafI=",
                    "dev": true,
                    "requires": {
                        "type-detect": "0.1.1"
                    },
                    "dependencies": {
                        "type-detect": {
                            "version": "0.1.1",
                            "resolved": "https://registry.npmjs.org/type-detect/-/type-detect-0.1.1.tgz",
                            "integrity": "sha1-C6XsKohWQORw6k6FBZcZANrFiCI=",
                            "dev": true
                        }
                    }
                },
                "type-detect": {
                    "version": "1.0.0",
                    "resolved": "https://registry.npmjs.org/type-detect/-/type-detect-1.0.0.tgz",
                    "integrity": "sha1-diIXzAbbJY7EiQihKY6LlRIejqI=",
                    "dev": true
                }
            }
        },
        "once": {
            "version": "1.4.0",
            "resolved": "https://registry.npmjs.org/once/-/once-1.4.0.tgz",
            "integrity": "sha1-WDsap3WWHUsROsF9nFC6753Xa9E=",
            "requires": {
                "wrappy": "1.0.2"
            }
        },
        "path-is-absolute": {
            "version": "1.0.1",
            "resolved": "https://registry.npmjs.org/path-is-absolute/-/path-is-absolute-1.0.1.tgz",
            "integrity": "sha1-F0uSaHNVNP+8es5r9TpanhtcX18="
        },
        "pathval": {
            "version": "1.1.0",
            "resolved": "https://registry.npmjs.org/pathval/-/pathval-1.1.0.tgz",
            "integrity": "sha1-uULm1L3mUwBe9rcTYd74cn0GReA=",
            "dev": true
        },
        "propagate": {
            "version": "0.4.0",
            "resolved": "https://registry.npmjs.org/propagate/-/propagate-0.4.0.tgz",
            "integrity": "sha1-8/zKCm/gZzanulcpZgaWF8EwtIE=",
            "dev": true
        },
        "qs": {
            "version": "6.5.1",
            "resolved": "https://registry.npmjs.org/qs/-/qs-6.5.1.tgz",
            "integrity": "sha512-eRzhrN1WSINYCDCbrz796z37LOe3m5tmW7RQf6oBntukAG1nmovJvhnwHHRMAfeoItc1m2Hk02WER2aQ/iqs+A==",
            "dev": true
        },
        "require-kiss": {
            "version": "1.0.5",
            "resolved": "https://registry.npmjs.org/require-kiss/-/require-kiss-1.0.5.tgz",
            "integrity": "sha1-s++QOBQbUbda61xnU9fU5hL4+lo="
        },
        "rimraf": {
            "version": "2.6.2",
            "resolved": "https://registry.npmjs.org/rimraf/-/rimraf-2.6.2.tgz",
            "integrity": "sha512-lreewLK/BlghmxtfH36YYVg1i8IAce4TI7oao75I1g245+6BctqTVQiBP3YUJ9C6DQOXJmkYR9X9fCLtCOJc5w==",
            "requires": {
                "glob": "7.1.2"
            }
        },
        "semver": {
            "version": "5.4.1",
            "resolved": "https://registry.npmjs.org/semver/-/semver-5.4.1.tgz",
            "integrity": "sha512-WfG/X9+oATh81XtllIo/I8gOiY9EXRdv1cQdyykeXK17YcUW3EXUAi2To4pcH6nZtJPr7ZOpM5OMyWJZm+8Rsg==",
            "dev": true
        },
        "sequence": {
            "version": "2.2.1",
            "resolved": "https://registry.npmjs.org/sequence/-/sequence-2.2.1.tgz",
            "integrity": "sha1-f1YXiV1ENRwKBH52RGdpBJChawM="
        },
        "source-map": {
            "version": "0.6.1",
            "resolved": "https://registry.npmjs.org/source-map/-/source-map-0.6.1.tgz",
            "integrity": "sha512-UjgapumWlbMhkBgzT7Ykc5YXUT46F0iKu8SGXq0bcwP5dz/h0Plj6enJqjz1Zbq2l5WaqYnrVbwWOWMyF3F47g==",
            "dev": true
        },
        "source-map-support": {
            "version": "0.5.0",
            "resolved": "https://registry.npmjs.org/source-map-support/-/source-map-support-0.5.0.tgz",
            "integrity": "sha512-vUoN3I7fHQe0R/SJLKRdKYuEdRGogsviXFkHHo17AWaTGv17VLnxw+CFXvqy+y4ORZ3doWLQcxRYfwKrsd/H7Q==",
            "dev": true,
            "requires": {
                "source-map": "0.6.1"
            }
        },
        "sprintf-js": {
            "version": "1.1.1",
            "resolved": "https://registry.npmjs.org/sprintf-js/-/sprintf-js-1.1.1.tgz",
            "integrity": "sha1-Nr54Mgr+WAH2zqPueLblqrlA6gw="
        },
        "stack-trace": {
            "version": "0.0.10",
            "resolved": "https://registry.npmjs.org/stack-trace/-/stack-trace-0.0.10.tgz",
            "integrity": "sha1-VHxws0fo0ytOEI6hoqFZ5f3eGcA="
        },
        "supports-color": {
            "version": "4.4.0",
            "resolved": "https://registry.npmjs.org/supports-color/-/supports-color-4.4.0.tgz",
            "integrity": "sha512-rKC3+DyXWgK0ZLKwmRsrkyHVZAjNkfzeehuFWdGGcqGDTZFH73+RH6S/RDAAxl9GusSjZSUWYLmT9N5pzXFOXQ==",
            "dev": true,
            "requires": {
                "has-flag": "2.0.0"
            }
        },
        "tar": {
            "version": "4.1.1",
            "resolved": "https://registry.npmjs.org/tar/-/tar-4.1.1.tgz",
            "integrity": "sha512-p2lLtRABOEhuC28GDpMYwxcDYRqAFfiz2AIZiQlI+fhrACPKtQ1mcF/bPY8T1h9aKlpDpd+WE33Y2PJ/hWhm8g==",
            "requires": {
                "chownr": "1.0.1",
                "fs-minipass": "1.2.3",
                "minipass": "2.2.1",
                "minizlib": "1.0.4",
                "mkdirp": "0.5.1",
                "yallist": "3.0.2"
            }
        },
        "type-detect": {
            "version": "4.0.5",
            "resolved": "https://registry.npmjs.org/type-detect/-/type-detect-4.0.5.tgz",
            "integrity": "sha512-N9IvkQslUGYGC24RkJk1ba99foK6TkwC2FHAEBlQFBP0RxQZS8ZpJuAZcwiY/w9ZJHFQb1aOXBI60OdxhTrwEQ==",
            "dev": true
        },
        "underscore": {
            "version": "1.8.3",
            "resolved": "https://registry.npmjs.org/underscore/-/underscore-1.8.3.tgz",
            "integrity": "sha1-Tz+1OxBuYJf8+ctBCfKl6b36UCI="
        },
        "underscore.string": {
            "version": "3.3.4",
            "resolved": "https://registry.npmjs.org/underscore.string/-/underscore.string-3.3.4.tgz",
            "integrity": "sha1-LCo/n4PmR2L9xF5s6sZRQoZCE9s=",
            "requires": {
                "sprintf-js": "1.1.1",
                "util-deprecate": "1.0.2"
            }
        },
        "universalify": {
            "version": "0.1.1",
            "resolved": "https://registry.npmjs.org/universalify/-/universalify-0.1.1.tgz",
            "integrity": "sha1-+nG63UQ3r0wUiEHjs7Fl+enlkLc="
        },
        "util-deprecate": {
            "version": "1.0.2",
            "resolved": "https://registry.npmjs.org/util-deprecate/-/util-deprecate-1.0.2.tgz",
            "integrity": "sha1-RQ1Nyfpw3nMnYvvS1KKJgUGaDM8="
        },
        "winston": {
            "version": "2.4.0",
            "resolved": "https://registry.npmjs.org/winston/-/winston-2.4.0.tgz",
            "integrity": "sha1-gIBQuT1SZh7Z+2wms/DIJnCLCu4=",
            "requires": {
                "async": "1.0.0",
                "colors": "1.0.3",
                "cycle": "1.0.3",
                "eyes": "0.1.8",
                "isstream": "0.1.2",
                "stack-trace": "0.0.10"
            },
            "dependencies": {
                "async": {
                    "version": "1.0.0",
                    "resolved": "https://registry.npmjs.org/async/-/async-1.0.0.tgz",
                    "integrity": "sha1-+PwEyjoTeErenhZBr5hXjPvWR6k="
                },
                "colors": {
                    "version": "1.0.3",
                    "resolved": "https://registry.npmjs.org/colors/-/colors-1.0.3.tgz",
                    "integrity": "sha1-BDP0TYCWgP3rYO0mDxsMJi6CpAs="
                }
            }
        },
        "wrappy": {
            "version": "1.0.2",
            "resolved": "https://registry.npmjs.org/wrappy/-/wrappy-1.0.2.tgz",
            "integrity": "sha1-tSQ9jz7BqjXxNkYFvA0QNuMKtp8="
        },
        "xunit-html-cov": {
            "version": "0.0.2",
            "resolved": "https://registry.npmjs.org/xunit-html-cov/-/xunit-html-cov-0.0.2.tgz",
            "integrity": "sha1-n5dHWQ4HPZ1p+h/SzOJNz/5wXCk=",
            "dev": true,
            "requires": {
                "jade": "0.27.7"
            }
        },
        "yallist": {
            "version": "3.0.2",
            "resolved": "https://registry.npmjs.org/yallist/-/yallist-3.0.2.tgz",
            "integrity": "sha1-hFK0u36Dx8GI2AQcGoN8dz1ti7k="
        }
    }
}
